
Microsoft Visual Studio Solution File, Format Version 12.00
# Visual Studio Version 16
VisualStudioVersion = 16.0.30621.155
MinimumVisualStudioVersion = 10.0.40219.1
Project("{F2A71F9B-5D33-465A-A702-920D77279786}") = "HotelBookingKata.FSharp", "HotelBookingKata.FSharp\HotelBookingKata.FSharp.fsproj", "{8C71EE5F-01D9-4DDD-885D-FC8CF555C1A8}"
EndProject
Project("{F2A71F9B-5D33-465A-A702-920D77279786}") = "HotelBookingKata.FSharpTests", "HotelBookingKata.FSharpTests\HotelBookingKata.FSharpTests.fsproj", "{ED5E280C-2115-421E-8E89-1A1AD9F5DBEC}"
EndProject
Global
	GlobalSection(SolutionConfigurationPlatforms) = preSolution
		Debug|Any CPU = Debug|Any CPU
		Release|Any CPU = Release|Any CPU
	EndGlobalSection
	GlobalSection(ProjectConfigurationPlatforms) = postSolution
		{8C71EE5F-01D9-4DDD-885D-FC8CF555C1A8}.Debug|Any CPU.ActiveCfg = Debug|Any CPU
		{8C71EE5F-01D9-4DDD-885D-FC8CF555C1A8}.Debug|Any CPU.Build.0 = Debug|Any CPU
		{8C71EE5F-01D9-4DDD-885D-FC8CF555C1A8}.Release|Any CPU.ActiveCfg = Release|Any CPU
		{8C71EE5F-01D9-4DDD-885D-FC8CF555C1A8}.Release|Any CPU.Build.0 = Release|Any CPU
		{ED5E280C-2115-421E-8E89-1A1AD9F5DBEC}.Debug|Any CPU.ActiveCfg = Debug|Any CPU
		{ED5E280C-2115-421E-8E89-1A1AD9F5DBEC}.Debug|Any CPU.Build.0 = Debug|Any CPU
		{ED5E280C-2115-421E-8E89-1A1AD9F5DBEC}.Release|Any CPU.ActiveCfg = Release|Any CPU
		{ED5E280C-2115-421E-8E89-1A1AD9F5DBEC}.Release|Any CPU.Build.0 = Release|Any CPU
	EndGlobalSection
	GlobalSection(SolutionProperties) = preSolution
		HideSolutionNode = FALSE
	EndGlobalSection
	GlobalSection(ExtensibilityGlobals) = postSolution
		SolutionGuid = {5DDBDE48-C1D2-47A8-A4DA-E29B6010DE45}
	EndGlobalSection
EndGlobal
